Microsoft Visual Studio Solution File, Format Version 11.00
# Visual Studio 2008

Project("{5659363D-6F30-01A4-0B9D-1C791A0A5F76}") = "3D Jam Project", "Assembly-CSharp.csproj", "{1C1F920D-150E-9FCE-730D-F782637BB3F7}"
EndProject
Project("{5659363D-6F30-01A4-0B9D-1C791A0A5F76}") = "3D Jam Project", "Assembly-CSharp-Editor.csproj", "{F66AFC07-1BE6-F67D-A535-1E0DD500AEB0}"
EndProject
Global
	GlobalSection(SolutionConfigurationPlatforms) = preSolution
		Debug|Any CPU = Debug|Any CPU
		Release|Any CPU = Release|Any CPU
	EndGlobalSection
	GlobalSection(ProjectConfigurationPlatforms) = postSolution
		{1C1F920D-150E-9FCE-730D-F782637BB3F7}.Debug|Any CPU.ActiveCfg = Debug|Any CPU
		{1C1F920D-150E-9FCE-730D-F782637BB3F7}.Debug|Any CPU.Build.0 = Debug|Any CPU
		{1C1F920D-150E-9FCE-730D-F782637BB3F7}.Release|Any CPU.ActiveCfg = Release|Any CPU
		{1C1F920D-150E-9FCE-730D-F782637BB3F7}.Release|Any CPU.Build.0 = Release|Any CPU
		{F66AFC07-1BE6-F67D-A535-1E0DD500AEB0}.Debug|Any CPU.ActiveCfg = Debug|Any CPU
		{F66AFC07-1BE6-F67D-A535-1E0DD500AEB0}.Debug|Any CPU.Build.0 = Debug|Any CPU
		{F66AFC07-1BE6-F67D-A535-1E0DD500AEB0}.Release|Any CPU.ActiveCfg = Release|Any CPU
		{F66AFC07-1BE6-F67D-A535-1E0DD500AEB0}.Release|Any CPU.Build.0 = Release|Any CPU
	EndGlobalSection
	GlobalSection(SolutionProperties) = preSolution
		HideSolutionNode = FALSE
	EndGlobalSection
																													GlobalSection(MonoDevelopProperties) = preSolution
		StartupItem = Assembly-CSharp.csproj
		Policies = $0
		$0.TextStylePolicy = $1
		$1.inheritsSet = null
		$1.scope = text/x-csharp
		$0.CSharpFormattingPolicy = $2
		$2.inheritsSet = Mono
		$2.inheritsScope = text/x-csharp
		$2.scope = text/x-csharp
		$0.TextStylePolicy = $3
		$3.FileWidth = 120
		$3.TabWidth = 4
		$3.IndentWidth = 4
		$3.EolMarker = Unix
		$3.inheritsSet = Mono
		$3.inheritsScope = text/plain
		$3.scope = text/plain
	EndGlobalSection

EndGlobal
